// !$*UTF8*$!
{
	archiveVersion = 1;
	classes = {
	};
	objectVersion = 50;
	objects = {

/* Begin PBXBuildFile section */
		3FA11D8C235A183D0068DF06 /* AppDelegate.swift in Sources */ = {isa = PBXBuildFile; fileRef = 3FA11D8B235A183D0068DF06 /* AppDelegate.swift */; };
		3FA11D8E235A183D0068DF06 /* SceneDelegate.swift in Sources */ = {isa = PBXBuildFile; fileRef = 3FA11D8D235A183D0068DF06 /* SceneDelegate.swift */; };
		3FA11D90235A183D0068DF06 /* ContentView.swift in Sources */ = {isa = PBXBuildFile; fileRef = 3FA11D8F235A183D0068DF06 /* ContentView.swift */; };
		3FA11D92235A18400068DF06 /* Assets.xcassets in Resources */ = {isa = PBXBuildFile; fileRef = 3FA11D91235A18400068DF06 /* Assets.xcassets */; };
		3FA11D95235A18400068DF06 /* Preview Assets.xcassets in Resources */ = {isa = PBXBuildFile; fileRef = 3FA11D94235A18400068DF06 /* Preview Assets.xcassets */; };
		3FA11D98235A18400068DF06 /* LaunchScreen.storyboard in Resources */ = {isa = PBXBuildFile; fileRef = 3FA11D96235A18400068DF06 /* LaunchScreen.storyboard */; };
/* End PBXBuildFile section */

/* Begin PBXFileReference section */
		3FA11D88235A183D0068DF06 /* step-counter.app */ = {isa = PBXFileReference; explicitFileType = wrapper.application; includeInIndex = 0; path = "step-counter.app"; sourceTree = BUILT_PRODUCTS_DIR; };
		3FA11D8B235A183D0068DF06 /* AppDelegate.swift */ = {isa = PBXFileReference; lastKnownFileType = sourcecode.swift; path = AppDelegate.swift; sourceTree = "<group>"; };
		3FA11D8D235A183D0068DF06 /* SceneDelegate.swift */ = {isa = PBXFileReference; lastKnownFileType = sourcecode.swift; path = SceneDelegate.swift; sourceTree = "<group>"; };
		3FA11D8F235A183D0068DF06 /* ContentView.swift */ = {isa = PBXFileReference; lastKnownFileType = sourcecode.swift; path = ContentView.swift; sourceTree = "<group>"; };
		3FA11D91235A18400068DF06 /* Assets.xcassets */ = {isa = PBXFileReference; lastKnownFileType = folder.assetcatalog; path = Assets.xcassets; sourceTree = "<group>"; };
		3FA11D94235A18400068DF06 /* Preview Assets.xcassets */ = {isa = PBXFileReference; lastKnownFileType = folder.assetcatalog; path = "Preview Assets.xcassets"; sourceTree = "<group>"; };
		3FA11D97235A18400068DF06 /* Base */ = {isa = PBXFileReference; lastKnownFileType = file.storyboard; name = Base; path = Base.lproj/LaunchScreen.storyboard; sourceTree = "<group>"; };
		3FA11D99235A18400068DF06 /* Info.plist */ = {isa = PBXFileReference; lastKnownFileType = text.plist.xml; path = Info.plist; sourceTree = "<group>"; };
/* End PBXFileReference section */

/* Begin PBXFrameworksBuildPhase section */
		3FA11D85235A183D0068DF06 /* Frameworks */ = {
			isa = PBXFrameworksBuildPhase;
			buildActionMask = 2147483647;
			files = (
			);
			runOnlyForDeploymentPostprocessing = 0;
		};
/* End PBXFrameworksBuildPhase section */

/* Begin PBXGroup section */
		3FA11D7F235A183D0068DF06 = {
			isa = PBXGroup;
			children = (
				3FA11D8A235A183D0068DF06 /* step-counter */,
				3FA11D89235A183D0068DF06 /* Products */,
			);
			sourceTree = "<group>";
		};
		3FA11D89235A183D0068DF06 /* Products */ = {
			isa = PBXGroup;
			children = (
				3FA11D88235A183D0068DF06 /* step-counter.app */,
			);
			name = Products;
			sourceTree = "<group>";
		};
		3FA11D8A235A183D0068DF06 /* step-counter */ = {
			isa = PBXGroup;
			children = (
				3FA11D8B235A183D0068DF06 /* AppDelegate.swift */,
				3FA11D8D235A183D0068DF06 /* SceneDelegate.swift */,
				3FA11D8F235A183D0068DF06 /* ContentView.swift */,
				3FA11D91235A18400068DF06 /* Assets.xcassets */,
				3FA11D96235A18400068DF06 /* LaunchScreen.storyboard */,
				3FA11D99235A18400068DF06 /* Info.plist */,
				3FA11D93235A18400068DF06 /* Preview Content */,
			);
			path = "step-counter";
			sourceTree = "<group>";
		};
		3FA11D93235A18400068DF06 /* Preview Content */ = {
			isa = PBXGroup;
			children = (
				3FA11D94235A18400068DF06 /* Preview Assets.xcassets */,
			);
			path = "Preview Content";
			sourceTree = "<group>";
		};
/* End PBXGroup section */

/* Begin PBXNativeTarget section */
		3FA11D87235A183D0068DF06 /* step-counter */ = {
			isa = PBXNativeTarget;
			buildConfigurationList = 3FA11D9C235A18400068DF06 /* Build configuration list for PBXNativeTarget "step-counter" */;
			buildPhases = (
				3FA11D84235A183D0068DF06 /* Sources */,
				3FA11D85235A183D0068DF06 /* Frameworks */,
				3FA11D86235A183D0068DF06 /* Resources */,
			);
			buildRules = (
			);
			dependencies = (
			);
			name = "step-counter";
			productName = "step-counter";
			productReference = 3FA11D88235A183D0068DF06 /* step-counter.app */;
			productType = "com.apple.product-type.application";
		};
/* End PBXNativeTarget section */

/* Begin PBXProject section */
		3FA11D80235A183D0068DF06 /* Project object */ = {
			isa = PBXProject;
			attributes = {
				LastSwiftUpdateCheck = 1110;
				LastUpgradeCheck = 1110;
				ORGANIZATIONNAME = keyfun;
				TargetAttributes = {
					3FA11D87235A183D0068DF06 = {
						CreatedOnToolsVersion = 11.1;
					};
				};
			};
			buildConfigurationList = 3FA11D83235A183D0068DF06 /* Build configuration list for PBXProject "step-counter" */;
			compatibilityVersion = "Xcode 9.3";
			developmentRegion = en;
			hasScannedForEncodings = 0;
			knownRegions = (
				en,
				Base,
			);
			mainGroup = 3FA11D7F235A183D0068DF06;
			productRefGroup = 3FA11D89235A183D0068DF06 /* Products */;
			projectDirPath = "";
			projectRoot = "";
			targets = (
				3FA11D87235A183D0068DF06 /* step-counter */,
			);
		};
/* End PBXProject section */

/* Begin PBXResourcesBuildPhase section */
		3FA11D86235A183D0068DF06 /* Resources */ = {
			isa = PBXResourcesBuildPhase;
			buildActionMask = 2147483647;
			files = (
				3FA11D98235A18400068DF06 /* LaunchScreen.storyboard in Resources */,
				3FA11D95235A18400068DF06 /* Preview Assets.xcassets in Resources */,
				3FA11D92235A18400068DF06 /* Assets.xcassets in Resources */,
			);
			runOnlyForDeploymentPostprocessing = 0;
		};
/* End PBXResourcesBuildPhase section */

/* Begin PBXSourcesBuildPhase section */
		3FA11D84235A183D0068DF06 /* Sources */ = {
			isa = PBXSourcesBuildPhase;
			buildActionMask = 2147483647;
			files = (
				3FA11D8C235A183D0068DF06 /* AppDelegate.swift in Sources */,
				3FA11D8E235A183D0068DF06 /* SceneDelegate.swift in Sources */,
				3FA11D90235A183D0068DF06 /* ContentView.swift in Sources */,
			);
			runOnlyForDeploymentPostprocessing = 0;
		};
/* End PBXSourcesBuildPhase section */

/* Begin PBXVariantGroup section */
		3FA11D96235A18400068DF06 /* LaunchScreen.storyboard */ = {
			isa = PBXVariantGroup;
			children = (
				3FA11D97235A18400068DF06 /* Base */,
			);
			name = LaunchScreen.storyboard;
			sourceTree = "<group>";
		};
/* End PBXVariantGroup section */

/* Begin XCBuildConfiguration section */
		3FA11D9A235A18400068DF06 /* Debug */ = {
			isa = XCBuildConfiguration;
			buildSettings = {
				ALWAYS_SEARCH_USER_PATHS = NO;
				CLANG_ANALYZER_NONNULL = YES;
				CLANG_ANALYZER_NUMBER_OBJECT_CONVERSION = YES_AGGRESSIVE;
				CLANG_CXX_LANGUAGE_STANDARD = "gnu++14";
				CLANG_CXX_LIBRARY = "libc++";
				CLANG_ENABLE_MODULES = YES;
				CLANG_ENABLE_OBJC_ARC = YES;
				CLANG_ENABLE_OBJC_WEAK = YES;
				CLANG_WARN_BLOCK_CAPTURE_AUTORELEASING = YES;
				CLANG_WARN_BOOL_CONVERSION = YES;
				CLANG_WARN_COMMA = YES;
				CLANG_WARN_CONSTANT_CONVERSION = YES;
				CLANG_WARN_DEPRECATED_OBJC_IMPLEMENTATIONS = YES;
				CLANG_WARN_DIRECT_OBJC_ISA_USAGE = YES_ERROR;
				CLANG_WARN_DOCUMENTATION_COMMENTS = YES;
				CLANG_WARN_EMPTY_BODY = YES;
				CLANG_WARN_ENUM_CONVERSION = YES;
				CLANG_WARN_INFINITE_RECURSION = YES;
				CLANG_WARN_INT_CONVERSION = YES;
				CLANG_WARN_NON_LITERAL_NULL_CONVERSION = YES;
				CLANG_WARN_OBJC_IMPLICIT_RETAIN_SELF = YES;
				CLANG_WARN_OBJC_LITERAL_CONVERSION = YES;
				CLANG_WARN_OBJC_ROOT_CLASS = YES_ERROR;
				CLANG_WARN_RANGE_LOOP_ANALYSIS = YES;
				CLANG_WARN_STRICT_PROTOTYPES = YES;
				CLANG_WARN_SUSPICIOUS_MOVE = YES;
				CLANG_WARN_UNGUARDED_AVAILABILITY = YES_AGGRESSIVE;
				CLANG_WARN_UNREACHABLE_CODE = YES;
				CLANG_WARN__DUPLICATE_METHOD_MATCH = YES;
				COPY_PHASE_STRIP = NO;
				DEBUG_INFORMATION_FORMAT = dwarf;
				ENABLE_STRICT_OBJC_MSGSEND = YES;
				ENABLE_TESTABILITY = YES;
				GCC_C_LANGUAGE_STANDARD = gnu11;
				GCC_DYNAMIC_NO_PIC = NO;
				GCC_NO_COMMON_BLOCKS = YES;
				GCC_OPTIMIZATION_LEVEL = 0;
				GCC_PREPROCESSOR_DEFINITIONS = (
					"DEBUG=1",
					"$(inherited)",
				);
				GCC_WARN_64_TO_32_BIT_CONVERSION = YES;
				GCC_WARN_ABOUT_RETURN_TYPE = YES_ERROR;
				GCC_WARN_UNDECLARED_SELECTOR = YES;
				GCC_WARN_UNINITIALIZED_AUTOS = YES_AGGRESSIVE;
				GCC_WARN_UNUSED_FUNCTION = YES;
				GCC_WARN_UNUSED_VARIABLE = YES;
				IPHONEOS_DEPLOYMENT_TARGET = 13.1;
				MTL_ENABLE_DEBUG_INFO = INCLUDE_SOURCE;
				MTL_FAST_MATH = YES;
				ONLY_ACTIVE_ARCH = YES;
				SDKROOT = iphoneos;
				SWIFT_ACTIVE_COMPILATION_CONDITIONS = DEBUG;
				SWIFT_OPTIMIZATION_LEVEL = "-Onone";
			};
			name = Debug;
		};
		3FA11D9B235A18400068DF06 /* Release */ = {
			isa = XCBuildConfiguration;
			buildSettings = {
				ALWAYS_SEARCH_USER_PATHS = NO;
				CLANG_ANALYZER_NONNULL = YES;
				CLANG_ANALYZER_NUMBER_OBJECT_CONVERSION = YES_AGGRESSIVE;
				CLANG_CXX_LANGUAGE_STANDARD = "gnu++14";
				CLANG_CXX_LIBRARY = "libc++";
				CLANG_ENABLE_MODULES = YES;
				CLANG_ENABLE_OBJC_ARC = YES;
				CLANG_ENABLE_OBJC_WEAK = YES;
				CLANG_WARN_BLOCK_CAPTURE_AUTORELEASING = YES;
				CLANG_WARN_BOOL_CONVERSION = YES;
				CLANG_WARN_COMMA = YES;
				CLANG_WARN_CONSTANT_CONVERSION = YES;
				CLANG_WARN_DEPRECATED_OBJC_IMPLEMENTATIONS = YES;
				CLANG_WARN_DIRECT_OBJC_ISA_USAGE = YES_ERROR;
				CLANG_WARN_DOCUMENTATION_COMMENTS = YES;
				CLANG_WARN_EMPTY_BODY = YES;
				CLANG_WARN_ENUM_CONVERSION = YES;
				CLANG_WARN_INFINITE_RECURSION = YES;
				CLANG_WARN_INT_CONVERSION = YES;
				CLANG_WARN_NON_LITERAL_NULL_CONVERSION = YES;
				CLANG_WARN_OBJC_IMPLICIT_RETAIN_SELF = YES;
				CLANG_WARN_OBJC_LITERAL_CONVERSION = YES;
				CLANG_WARN_OBJC_ROOT_CLASS = YES_ERROR;
				CLANG_WARN_RANGE_LOOP_ANALYSIS = YES;
				CLANG_WARN_STRICT_PROTOTYPES = YES;
				CLANG_WARN_SUSPICIOUS_MOVE = YES;
				CLANG_WARN_UNGUARDED_AVAILABILITY = YES_AGGRESSIVE;
				CLANG_WARN_UNREACHABLE_CODE = YES;
				CLANG_WARN__DUPLICATE_METHOD_MATCH = YES;
				COPY_PHASE_STRIP = NO;
				DEBUG_INFORMATION_FORMAT = "dwarf-with-dsym";
				ENABLE_NS_ASSERTIONS = NO;
				ENABLE_STRICT_OBJC_MSGSEND = YES;
				GCC_C_LANGUAGE_STANDARD = gnu11;
				GCC_NO_COMMON_BLOCKS = YES;
				GCC_WARN_64_TO_32_BIT_CONVERSION = YES;
				GCC_WARN_ABOUT_RETURN_TYPE = YES_ERROR;
				GCC_WARN_UNDECLARED_SELECTOR = YES;
				GCC_WARN_UNINITIALIZED_AUTOS = YES_AGGRESSIVE;
				GCC_WARN_UNUSED_FUNCTION = YES;
				GCC_WARN_UNUSED_VARIABLE = YES;
				IPHONEOS_DEPLOYMENT_TARGET = 13.1;
				MTL_ENABLE_DEBUG_INFO = NO;
				MTL_FAST_MATH = YES;
				SDKROOT = iphoneos;
				SWIFT_COMPILATION_MODE = wholemodule;
				SWIFT_OPTIMIZATION_LEVEL = "-O";
				VALIDATE_PRODUCT = YES;
			};
			name = Release;
		};
		3FA11D9D235A18400068DF06 /* Debug */ = {
			isa = XCBuildConfiguration;
			buildSettings = {
				ASSETCATALOG_COMPILER_APPICON_NAME = AppIcon;
				CODE_SIGN_STYLE = Automatic;
				DEVELOPMENT_ASSET_PATHS = "\"step-counter/Preview Content\"";
				DEVELOPMENT_TEAM = 5GBCJ9FE6T;
				ENABLE_PREVIEWS = YES;
				INFOPLIST_FILE = "step-counter/Info.plist";
				LD_RUNPATH_SEARCH_PATHS = (
					"$(inherited)",
					"@executable_path/Frameworks",
				);
				PRODUCT_BUNDLE_IDENTIFIER = "keyfun.app.step-counter";
				PRODUCT_NAME = "$(TARGET_NAME)";
				SWIFT_VERSION = 5.0;
				TARGETED_DEVICE_FAMILY = "1,2";
			};
			name = Debug;
		};
		3FA11D9E235A18400068DF06 /* Release */ = {
			isa = XCBuildConfiguration;
			buildSettings = {
				ASSETCATALOG_COMPILER_APPICON_NAME = AppIcon;
				CODE_SIGN_STYLE = Automatic;
				DEVELOPMENT_ASSET_PATHS = "\"step-counter/Preview Content\"";
				DEVELOPMENT_TEAM = 5GBCJ9FE6T;
				ENABLE_PREVIEWS = YES;
				INFOPLIST_FILE = "step-counter/Info.plist";
				LD_RUNPATH_SEARCH_PATHS = (
					"$(inherited)",
					"@executable_path/Frameworks",
				);
				PRODUCT_BUNDLE_IDENTIFIER = "keyfun.app.step-counter";
				PRODUCT_NAME = "$(TARGET_NAME)";
				SWIFT_VERSION = 5.0;
				TARGETED_DEVICE_FAMILY = "1,2";
			};
			name = Release;
		};
/* End XCBuildConfiguration section */

/* Begin XCConfigurationList section */
		3FA11D83235A183D0068DF06 /* Build configuration list for PBXProject "step-counter" */ = {
			isa = XCConfigurationList;
			buildConfigurations = (
				3FA11D9A235A18400068DF06 /* Debug */,
				3FA11D9B235A18400068DF06 /* Release */,
			);
			defaultConfigurationIsVisible = 0;
			defaultConfigurationName = Release;
		};
		3FA11D9C235A18400068DF06 /* Build configuration list for PBXNativeTarget "step-counter" */ = {
			isa = XCConfigurationList;
			buildConfigurations = (
				3FA11D9D235A18400068DF06 /* Debug */,
				3FA11D9E235A18400068DF06 /* Release */,
			);
			defaultConfigurationIsVisible = 0;
			defaultConfigurationName = Release;
		};
/* End XCConfigurationList section */
	};
	rootObject = 3FA11D80235A183D0068DF06 /* Project object */;
}
